
Microsoft Visual Studio Solution File, Format Version 12.00
# Visual Studio Version 17
VisualStudioVersion = 17.9.34616.47
MinimumVisualStudioVersion = 10.0.40219.1
Project("{FAE04EC0-301F-11D3-BF4B-00C04F79EFBC}") = "loop", "loop\loop.csproj", "{E7E5C11C-8866-4978-8EA6-2ED095D8A1F3}"
EndProject
Global
	GlobalSection(SolutionConfigurationPlatforms) = preSolution
		Debug|Any CPU = Debug|Any CPU
		Release|Any CPU = Release|Any CPU
	EndGlobalSection
	GlobalSection(ProjectConfigurationPlatforms) = postSolution
		{E7E5C11C-8866-4978-8EA6-2ED095D8A1F3}.Debug|Any CPU.ActiveCfg = Debug|Any CPU
		{E7E5C11C-8866-4978-8EA6-2ED095D8A1F3}.Debug|Any CPU.Build.0 = Debug|Any CPU
		{E7E5C11C-8866-4978-8EA6-2ED095D8A1F3}.Release|Any CPU.ActiveCfg = Release|Any CPU
		{E7E5C11C-8866-4978-8EA6-2ED095D8A1F3}.Release|Any CPU.Build.0 = Release|Any CPU
	EndGlobalSection
	GlobalSection(SolutionProperties) = preSolution
		HideSolutionNode = FALSE
	EndGlobalSection
	GlobalSection(ExtensibilityGlobals) = postSolution
		SolutionGuid = {9A2E32A0-366F-4DC6-829A-D4A3CF244E84}
	EndGlobalSection
EndGlobal
